
Microsoft Visual Studio Solution File, Format Version 12.00
# Visual Studio Version 17
VisualStudioVersion = 17.9.34723.18
MinimumVisualStudioVersion = 10.0.40219.1
Project("{FAE04EC0-301F-11D3-BF4B-00C04F79EFBC}") = "CalculoFatorial", "CalculoFatorial\CalculoFatorial.csproj", "{F324B448-A2AB-4F7F-8EE8-1DEB08AAD161}"
EndProject
Global
	GlobalSection(SolutionConfigurationPlatforms) = preSolution
		Debug|Any CPU = Debug|Any CPU
		Release|Any CPU = Release|Any CPU
	EndGlobalSection
	GlobalSection(ProjectConfigurationPlatforms) = postSolution
		{F324B448-A2AB-4F7F-8EE8-1DEB08AAD161}.Debug|Any CPU.ActiveCfg = Debug|Any CPU
		{F324B448-A2AB-4F7F-8EE8-1DEB08AAD161}.Debug|Any CPU.Build.0 = Debug|Any CPU
		{F324B448-A2AB-4F7F-8EE8-1DEB08AAD161}.Release|Any CPU.ActiveCfg = Release|Any CPU
		{F324B448-A2AB-4F7F-8EE8-1DEB08AAD161}.Release|Any CPU.Build.0 = Release|Any CPU
	EndGlobalSection
	GlobalSection(SolutionProperties) = preSolution
		HideSolutionNode = FALSE
	EndGlobalSection
	GlobalSection(ExtensibilityGlobals) = postSolution
		SolutionGuid = {4EF88DED-962D-4FE1-94A1-4B3E20AB582C}
	EndGlobalSection
EndGlobal
